
Microsoft Visual Studio Solution File, Format Version 12.00
# Visual Studio 15
VisualStudioVersion = 15.0.28307.572
MinimumVisualStudioVersion = 10.0.40219.1
Project("{FAE04EC0-301F-11D3-BF4B-00C04F79EFBC}") = "Day1", "Day1\Day1.csproj", "{AFAA96AE-16F2-4777-B0DE-6BDC442860A9}"
EndProject
Project("{FAE04EC0-301F-11D3-BF4B-00C04F79EFBC}") = "Day2", "Day2\Day2.csproj", "{151004B8-1748-4D90-8303-374448A20C08}"
EndProject
Project("{FAE04EC0-301F-11D3-BF4B-00C04F79EFBC}") = "Day3", "Day3\Day3.csproj", "{04B6F9BA-FFDE-4003-88F1-C6FB454020F6}"
EndProject
Project("{FAE04EC0-301F-11D3-BF4B-00C04F79EFBC}") = "Day4", "Day4\Day4.csproj", "{2C7AD545-B80E-4EBF-BB88-BB6EF17FC07D}"
EndProject
Project("{FAE04EC0-301F-11D3-BF4B-00C04F79EFBC}") = "Day5", "Day5\Day5.csproj", "{1EF91D2B-365F-4129-BBFA-C27FBC68C5A9}"
EndProject
Project("{FAE04EC0-301F-11D3-BF4B-00C04F79EFBC}") = "Day6", "Day6\Day6.csproj", "{73877B71-0313-4516-BA42-2ED06E79A27F}"
EndProject
Project("{FAE04EC0-301F-11D3-BF4B-00C04F79EFBC}") = "Day7", "Day7\Day7.csproj", "{6AD79457-05A4-40D2-B7A6-629125601BC1}"
EndProject
Project("{FAE04EC0-301F-11D3-BF4B-00C04F79EFBC}") = "Day8", "Day8\Day8.csproj", "{1345353C-1113-465C-AD05-B20646C239E1}"
EndProject
Project("{FAE04EC0-301F-11D3-BF4B-00C04F79EFBC}") = "Day9", "Day9\Day9.csproj", "{717A2586-3B5A-4294-BA40-59618DE7AE1B}"
EndProject
Project("{FAE04EC0-301F-11D3-BF4B-00C04F79EFBC}") = "Day10", "Day10\Day10.csproj", "{BDB417C9-359A-4985-869E-5668A47FB5A0}"
EndProject
Project("{FAE04EC0-301F-11D3-BF4B-00C04F79EFBC}") = "Day11", "Day11\Day11.csproj", "{0D287856-F0C5-4173-9EBA-6043898211EA}"
EndProject
Project("{FAE04EC0-301F-11D3-BF4B-00C04F79EFBC}") = "Day12", "Day12\Day12.csproj", "{5BF036AA-52EE-493C-8F47-2124022B25A8}"
EndProject
Project("{FAE04EC0-301F-11D3-BF4B-00C04F79EFBC}") = "Day13", "Day13\Day13.csproj", "{ED73D846-EEF6-4499-B0AE-AAD523B443E9}"
EndProject
Project("{FAE04EC0-301F-11D3-BF4B-00C04F79EFBC}") = "Day14", "Day14\Day14.csproj", "{DE57CA7F-F68D-43E1-8338-E296356A2D49}"
EndProject
Project("{FAE04EC0-301F-11D3-BF4B-00C04F79EFBC}") = "Day15", "Day15\Day15.csproj", "{E44D3888-86D9-4D83-AFBB-8C7E18A783CD}"
EndProject
Project("{FAE04EC0-301F-11D3-BF4B-00C04F79EFBC}") = "Day16", "Day16\Day16.csproj", "{2F77F879-6B0B-44A8-8875-0D20EFC566E2}"
EndProject
Project("{FAE04EC0-301F-11D3-BF4B-00C04F79EFBC}") = "Day17", "Day17\Day17.csproj", "{896DA11C-9840-42DA-B637-D8897AFF0405}"
EndProject
Project("{FAE04EC0-301F-11D3-BF4B-00C04F79EFBC}") = "Day18", "Day18\Day18.csproj", "{7EE5629B-4E6E-477B-84E4-7D25342DACDF}"
EndProject
Project("{FAE04EC0-301F-11D3-BF4B-00C04F79EFBC}") = "Day19", "Day19\Day19.csproj", "{41FAEEDE-D933-4C0B-9538-E89BDB0659C9}"
EndProject
Project("{FAE04EC0-301F-11D3-BF4B-00C04F79EFBC}") = "Day20", "Day20\Day20.csproj", "{E5D9F66C-47F1-4B78-9A9F-A5CB23236A1B}"
EndProject
Project("{FAE04EC0-301F-11D3-BF4B-00C04F79EFBC}") = "Day21", "Day21\Day21.csproj", "{C0670BC8-C046-4360-A195-B95D24B7628B}"
EndProject
Project("{FAE04EC0-301F-11D3-BF4B-00C04F79EFBC}") = "Day22", "Day22\Day22.csproj", "{16FDBA77-7FFE-4815-B5F5-824FD4C73D27}"
EndProject
Project("{FAE04EC0-301F-11D3-BF4B-00C04F79EFBC}") = "Day23", "Day23\Day23.csproj", "{0EF05D6B-96B2-4613-81B7-11352EAC50C0}"
EndProject
Project("{FAE04EC0-301F-11D3-BF4B-00C04F79EFBC}") = "Day24", "Day24\Day24.csproj", "{8A6F0CE8-DE34-46AE-96A0-EB5218122D95}"
EndProject
Project("{FAE04EC0-301F-11D3-BF4B-00C04F79EFBC}") = "Day25", "Day25\Day25.csproj", "{4973DE6A-7947-46BD-AC5B-1E50B9B9AB60}"
EndProject
Global
	GlobalSection(SolutionConfigurationPlatforms) = preSolution
		Debug|Any CPU = Debug|Any CPU
		Release|Any CPU = Release|Any CPU
	EndGlobalSection
	GlobalSection(ProjectConfigurationPlatforms) = postSolution
		{AFAA96AE-16F2-4777-B0DE-6BDC442860A9}.Debug|Any CPU.ActiveCfg = Debug|Any CPU
		{AFAA96AE-16F2-4777-B0DE-6BDC442860A9}.Debug|Any CPU.Build.0 = Debug|Any CPU
		{AFAA96AE-16F2-4777-B0DE-6BDC442860A9}.Release|Any CPU.ActiveCfg = Release|Any CPU
		{AFAA96AE-16F2-4777-B0DE-6BDC442860A9}.Release|Any CPU.Build.0 = Release|Any CPU
		{151004B8-1748-4D90-8303-374448A20C08}.Debug|Any CPU.ActiveCfg = Debug|Any CPU
		{151004B8-1748-4D90-8303-374448A20C08}.Debug|Any CPU.Build.0 = Debug|Any CPU
		{151004B8-1748-4D90-8303-374448A20C08}.Release|Any CPU.ActiveCfg = Release|Any CPU
		{151004B8-1748-4D90-8303-374448A20C08}.Release|Any CPU.Build.0 = Release|Any CPU
		{04B6F9BA-FFDE-4003-88F1-C6FB454020F6}.Debug|Any CPU.ActiveCfg = Debug|Any CPU
		{04B6F9BA-FFDE-4003-88F1-C6FB454020F6}.Debug|Any CPU.Build.0 = Debug|Any CPU
		{04B6F9BA-FFDE-4003-88F1-C6FB454020F6}.Release|Any CPU.ActiveCfg = Release|Any CPU
		{04B6F9BA-FFDE-4003-88F1-C6FB454020F6}.Release|Any CPU.Build.0 = Release|Any CPU
		{2C7AD545-B80E-4EBF-BB88-BB6EF17FC07D}.Debug|Any CPU.ActiveCfg = Debug|Any CPU
		{2C7AD545-B80E-4EBF-BB88-BB6EF17FC07D}.Debug|Any CPU.Build.0 = Debug|Any CPU
		{2C7AD545-B80E-4EBF-BB88-BB6EF17FC07D}.Release|Any CPU.ActiveCfg = Release|Any CPU
		{2C7AD545-B80E-4EBF-BB88-BB6EF17FC07D}.Release|Any CPU.Build.0 = Release|Any CPU
		{1EF91D2B-365F-4129-BBFA-C27FBC68C5A9}.Debug|Any CPU.ActiveCfg = Debug|Any CPU
		{1EF91D2B-365F-4129-BBFA-C27FBC68C5A9}.Debug|Any CPU.Build.0 = Debug|Any CPU
		{1EF91D2B-365F-4129-BBFA-C27FBC68C5A9}.Release|Any CPU.ActiveCfg = Release|Any CPU
		{1EF91D2B-365F-4129-BBFA-C27FBC68C5A9}.Release|Any CPU.Build.0 = Release|Any CPU
		{73877B71-0313-4516-BA42-2ED06E79A27F}.Debug|Any CPU.ActiveCfg = Debug|Any CPU
		{73877B71-0313-4516-BA42-2ED06E79A27F}.Debug|Any CPU.Build.0 = Debug|Any CPU
		{73877B71-0313-4516-BA42-2ED06E79A27F}.Release|Any CPU.ActiveCfg = Release|Any CPU
		{73877B71-0313-4516-BA42-2ED06E79A27F}.Release|Any CPU.Build.0 = Release|Any CPU
		{6AD79457-05A4-40D2-B7A6-629125601BC1}.Debug|Any CPU.ActiveCfg = Debug|Any CPU
		{6AD79457-05A4-40D2-B7A6-629125601BC1}.Debug|Any CPU.Build.0 = Debug|Any CPU
		{6AD79457-05A4-40D2-B7A6-629125601BC1}.Release|Any CPU.ActiveCfg = Release|Any CPU
		{6AD79457-05A4-40D2-B7A6-629125601BC1}.Release|Any CPU.Build.0 = Release|Any CPU
		{1345353C-1113-465C-AD05-B20646C239E1}.Debug|Any CPU.ActiveCfg = Debug|Any CPU
		{1345353C-1113-465C-AD05-B20646C239E1}.Debug|Any CPU.Build.0 = Debug|Any CPU
		{1345353C-1113-465C-AD05-B20646C239E1}.Release|Any CPU.ActiveCfg = Release|Any CPU
		{1345353C-1113-465C-AD05-B20646C239E1}.Release|Any CPU.Build.0 = Release|Any CPU
		{717A2586-3B5A-4294-BA40-59618DE7AE1B}.Debug|Any CPU.ActiveCfg = Debug|Any CPU
		{717A2586-3B5A-4294-BA40-59618DE7AE1B}.Debug|Any CPU.Build.0 = Debug|Any CPU
		{717A2586-3B5A-4294-BA40-59618DE7AE1B}.Release|Any CPU.ActiveCfg = Release|Any CPU
		{717A2586-3B5A-4294-BA40-59618DE7AE1B}.Release|Any CPU.Build.0 = Release|Any CPU
		{BDB417C9-359A-4985-869E-5668A47FB5A0}.Debug|Any CPU.ActiveCfg = Debug|Any CPU
		{BDB417C9-359A-4985-869E-5668A47FB5A0}.Debug|Any CPU.Build.0 = Debug|Any CPU
		{BDB417C9-359A-4985-869E-5668A47FB5A0}.Release|Any CPU.ActiveCfg = Release|Any CPU
		{BDB417C9-359A-4985-869E-5668A47FB5A0}.Release|Any CPU.Build.0 = Release|Any CPU
		{0D287856-F0C5-4173-9EBA-6043898211EA}.Debug|Any CPU.ActiveCfg = Debug|Any CPU
		{0D287856-F0C5-4173-9EBA-6043898211EA}.Debug|Any CPU.Build.0 = Debug|Any CPU
		{0D287856-F0C5-4173-9EBA-6043898211EA}.Release|Any CPU.ActiveCfg = Release|Any CPU
		{0D287856-F0C5-4173-9EBA-6043898211EA}.Release|Any CPU.Build.0 = Release|Any CPU
		{5BF036AA-52EE-493C-8F47-2124022B25A8}.Debug|Any CPU.ActiveCfg = Debug|Any CPU
		{5BF036AA-52EE-493C-8F47-2124022B25A8}.Debug|Any CPU.Build.0 = Debug|Any CPU
		{5BF036AA-52EE-493C-8F47-2124022B25A8}.Release|Any CPU.ActiveCfg = Release|Any CPU
		{5BF036AA-52EE-493C-8F47-2124022B25A8}.Release|Any CPU.Build.0 = Release|Any CPU
		{ED73D846-EEF6-4499-B0AE-AAD523B443E9}.Debug|Any CPU.ActiveCfg = Debug|Any CPU
		{ED73D846-EEF6-4499-B0AE-AAD523B443E9}.Debug|Any CPU.Build.0 = Debug|Any CPU
		{ED73D846-EEF6-4499-B0AE-AAD523B443E9}.Release|Any CPU.ActiveCfg = Release|Any CPU
		{ED73D846-EEF6-4499-B0AE-AAD523B443E9}.Release|Any CPU.Build.0 = Release|Any CPU
		{DE57CA7F-F68D-43E1-8338-E296356A2D49}.Debug|Any CPU.ActiveCfg = Debug|Any CPU
		{DE57CA7F-F68D-43E1-8338-E296356A2D49}.Debug|Any CPU.Build.0 = Debug|Any CPU
		{DE57CA7F-F68D-43E1-8338-E296356A2D49}.Release|Any CPU.ActiveCfg = Release|Any CPU
		{DE57CA7F-F68D-43E1-8338-E296356A2D49}.Release|Any CPU.Build.0 = Release|Any CPU
		{E44D3888-86D9-4D83-AFBB-8C7E18A783CD}.Debug|Any CPU.ActiveCfg = Debug|Any CPU
		{E44D3888-86D9-4D83-AFBB-8C7E18A783CD}.Debug|Any CPU.Build.0 = Debug|Any CPU
		{E44D3888-86D9-4D83-AFBB-8C7E18A783CD}.Release|Any CPU.ActiveCfg = Release|Any CPU
		{E44D3888-86D9-4D83-AFBB-8C7E18A783CD}.Release|Any CPU.Build.0 = Release|Any CPU
		{2F77F879-6B0B-44A8-8875-0D20EFC566E2}.Debug|Any CPU.ActiveCfg = Debug|Any CPU
		{2F77F879-6B0B-44A8-8875-0D20EFC566E2}.Debug|Any CPU.Build.0 = Debug|Any CPU
		{2F77F879-6B0B-44A8-8875-0D20EFC566E2}.Release|Any CPU.ActiveCfg = Release|Any CPU
		{2F77F879-6B0B-44A8-8875-0D20EFC566E2}.Release|Any CPU.Build.0 = Release|Any CPU
		{896DA11C-9840-42DA-B637-D8897AFF0405}.Debug|Any CPU.ActiveCfg = Debug|Any CPU
		{896DA11C-9840-42DA-B637-D8897AFF0405}.Debug|Any CPU.Build.0 = Debug|Any CPU
		{896DA11C-9840-42DA-B637-D8897AFF0405}.Release|Any CPU.ActiveCfg = Release|Any CPU
		{896DA11C-9840-42DA-B637-D8897AFF0405}.Release|Any CPU.Build.0 = Release|Any CPU
		{7EE5629B-4E6E-477B-84E4-7D25342DACDF}.Debug|Any CPU.ActiveCfg = Debug|Any CPU
		{7EE5629B-4E6E-477B-84E4-7D25342DACDF}.Debug|Any CPU.Build.0 = Debug|Any CPU
		{7EE5629B-4E6E-477B-84E4-7D25342DACDF}.Release|Any CPU.ActiveCfg = Release|Any CPU
		{7EE5629B-4E6E-477B-84E4-7D25342DACDF}.Release|Any CPU.Build.0 = Release|Any CPU
		{41FAEEDE-D933-4C0B-9538-E89BDB0659C9}.Debug|Any CPU.ActiveCfg = Debug|Any CPU
		{41FAEEDE-D933-4C0B-9538-E89BDB0659C9}.Debug|Any CPU.Build.0 = Debug|Any CPU
		{41FAEEDE-D933-4C0B-9538-E89BDB0659C9}.Release|Any CPU.ActiveCfg = Release|Any CPU
		{41FAEEDE-D933-4C0B-9538-E89BDB0659C9}.Release|Any CPU.Build.0 = Release|Any CPU
		{E5D9F66C-47F1-4B78-9A9F-A5CB23236A1B}.Debug|Any CPU.ActiveCfg = Debug|Any CPU
		{E5D9F66C-47F1-4B78-9A9F-A5CB23236A1B}.Debug|Any CPU.Build.0 = Debug|Any CPU
		{E5D9F66C-47F1-4B78-9A9F-A5CB23236A1B}.Release|Any CPU.ActiveCfg = Release|Any CPU
		{E5D9F66C-47F1-4B78-9A9F-A5CB23236A1B}.Release|Any CPU.Build.0 = Release|Any CPU
		{C0670BC8-C046-4360-A195-B95D24B7628B}.Debug|Any CPU.ActiveCfg = Debug|Any CPU
		{C0670BC8-C046-4360-A195-B95D24B7628B}.Debug|Any CPU.Build.0 = Debug|Any CPU
		{C0670BC8-C046-4360-A195-B95D24B7628B}.Release|Any CPU.ActiveCfg = Release|Any CPU
		{C0670BC8-C046-4360-A195-B95D24B7628B}.Release|Any CPU.Build.0 = Release|Any CPU
		{16FDBA77-7FFE-4815-B5F5-824FD4C73D27}.Debug|Any CPU.ActiveCfg = Debug|Any CPU
		{16FDBA77-7FFE-4815-B5F5-824FD4C73D27}.Debug|Any CPU.Build.0 = Debug|Any CPU
		{16FDBA77-7FFE-4815-B5F5-824FD4C73D27}.Release|Any CPU.ActiveCfg = Release|Any CPU
		{16FDBA77-7FFE-4815-B5F5-824FD4C73D27}.Release|Any CPU.Build.0 = Release|Any CPU
		{0EF05D6B-96B2-4613-81B7-11352EAC50C0}.Debug|Any CPU.ActiveCfg = Debug|Any CPU
		{0EF05D6B-96B2-4613-81B7-11352EAC50C0}.Debug|Any CPU.Build.0 = Debug|Any CPU
		{0EF05D6B-96B2-4613-81B7-11352EAC50C0}.Release|Any CPU.ActiveCfg = Release|Any CPU
		{0EF05D6B-96B2-4613-81B7-11352EAC50C0}.Release|Any CPU.Build.0 = Release|Any CPU
		{8A6F0CE8-DE34-46AE-96A0-EB5218122D95}.Debug|Any CPU.ActiveCfg = Debug|Any CPU
		{8A6F0CE8-DE34-46AE-96A0-EB5218122D95}.Debug|Any CPU.Build.0 = Debug|Any CPU
		{8A6F0CE8-DE34-46AE-96A0-EB5218122D95}.Release|Any CPU.ActiveCfg = Release|Any CPU
		{8A6F0CE8-DE34-46AE-96A0-EB5218122D95}.Release|Any CPU.Build.0 = Release|Any CPU
		{4973DE6A-7947-46BD-AC5B-1E50B9B9AB60}.Debug|Any CPU.ActiveCfg = Debug|Any CPU
		{4973DE6A-7947-46BD-AC5B-1E50B9B9AB60}.Debug|Any CPU.Build.0 = Debug|Any CPU
		{4973DE6A-7947-46BD-AC5B-1E50B9B9AB60}.Release|Any CPU.ActiveCfg = Release|Any CPU
		{4973DE6A-7947-46BD-AC5B-1E50B9B9AB60}.Release|Any CPU.Build.0 = Release|Any CPU
	EndGlobalSection
	GlobalSection(SolutionProperties) = preSolution
		HideSolutionNode = FALSE
	EndGlobalSection
	GlobalSection(ExtensibilityGlobals) = postSolution
		SolutionGuid = {B4E718D9-B40B-4D1D-B3F4-8A12C54F7719}
	EndGlobalSection
EndGlobal
